
Microsoft Visual Studio Solution File, Format Version 12.00
# Visual Studio Version 16
VisualStudioVersion = 16.0.31321.278
MinimumVisualStudioVersion = 10.0.40219.1
Project("{FAE04EC0-301F-11D3-BF4B-00C04F79EFBC}") = "GroupMVCProject", "GroupMVCProject\GroupMVCProject.csproj", "{42DE17DA-C574-4FA8-8005-12FC533AA181}"
EndProject
Project("{FAE04EC0-301F-11D3-BF4B-00C04F79EFBC}") = "GroupMVCProject.Tests", "GroupMVCProject.Tests\GroupMVCProject.Tests.csproj", "{1D2047E4-DFF5-42FB-8992-C349B48CBFDB}"
EndProject
Global
	GlobalSection(SolutionConfigurationPlatforms) = preSolution
		Debug|Any CPU = Debug|Any CPU
		Release|Any CPU = Release|Any CPU
	EndGlobalSection
	GlobalSection(ProjectConfigurationPlatforms) = postSolution
		{42DE17DA-C574-4FA8-8005-12FC533AA181}.Debug|Any CPU.ActiveCfg = Debug|Any CPU
		{42DE17DA-C574-4FA8-8005-12FC533AA181}.Debug|Any CPU.Build.0 = Debug|Any CPU
		{42DE17DA-C574-4FA8-8005-12FC533AA181}.Release|Any CPU.ActiveCfg = Release|Any CPU
		{42DE17DA-C574-4FA8-8005-12FC533AA181}.Release|Any CPU.Build.0 = Release|Any CPU
		{1D2047E4-DFF5-42FB-8992-C349B48CBFDB}.Debug|Any CPU.ActiveCfg = Debug|Any CPU
		{1D2047E4-DFF5-42FB-8992-C349B48CBFDB}.Debug|Any CPU.Build.0 = Debug|Any CPU
		{1D2047E4-DFF5-42FB-8992-C349B48CBFDB}.Release|Any CPU.ActiveCfg = Release|Any CPU
		{1D2047E4-DFF5-42FB-8992-C349B48CBFDB}.Release|Any CPU.Build.0 = Release|Any CPU
	EndGlobalSection
	GlobalSection(SolutionProperties) = preSolution
		HideSolutionNode = FALSE
	EndGlobalSection
	GlobalSection(ExtensibilityGlobals) = postSolution
		SolutionGuid = {00953F61-BF72-4203-A224-FFA4B64007D2}
	EndGlobalSection
EndGlobal
