
Microsoft Visual Studio Solution File, Format Version 12.00
# Visual Studio Version 16
VisualStudioVersion = 16.0.31321.278
MinimumVisualStudioVersion = 10.0.40219.1
Project("{FAE04EC0-301F-11D3-BF4B-00C04F79EFBC}") = "ConsoleAppAdd2Numbers", "ConsoleAppAdd2Numbers\ConsoleAppAdd2Numbers.csproj", "{64843ACD-9C4C-4563-8B0B-4095340E3666}"
EndProject
Global
	GlobalSection(SolutionConfigurationPlatforms) = preSolution
		Debug|Any CPU = Debug|Any CPU
		Release|Any CPU = Release|Any CPU
	EndGlobalSection
	GlobalSection(ProjectConfigurationPlatforms) = postSolution
		{64843ACD-9C4C-4563-8B0B-4095340E3666}.Debug|Any CPU.ActiveCfg = Debug|Any CPU
		{64843ACD-9C4C-4563-8B0B-4095340E3666}.Debug|Any CPU.Build.0 = Debug|Any CPU
		{64843ACD-9C4C-4563-8B0B-4095340E3666}.Release|Any CPU.ActiveCfg = Release|Any CPU
		{64843ACD-9C4C-4563-8B0B-4095340E3666}.Release|Any CPU.Build.0 = Release|Any CPU
	EndGlobalSection
	GlobalSection(SolutionProperties) = preSolution
		HideSolutionNode = FALSE
	EndGlobalSection
	GlobalSection(ExtensibilityGlobals) = postSolution
		SolutionGuid = {17FB2CEE-73D8-44C7-91DA-026B102D6A25}
	EndGlobalSection
EndGlobal
